Microsoft Visual Studio Solution File, Format Version 12.00
# Visual Studio 15
VisualStudioVersion = 15.0.26730.12
MinimumVisualStudioVersion = 10.0.40219.1
Project("{2150E333-8FDC-42A3-9474-1A3956D46DE8}") = "src", "src", "{3AA0CCA9-250D-4F8F-9095-9AF034DC3BF5}"
	ProjectSection(SolutionItems) = preProject
		Shared\AutoVersionInfo.targets = Shared\AutoVersionInfo.targets
	EndProjectSection
EndProject
Project("{9A19103F-16F7-4668-BE54-9A1E7A4F7556}") = "Epsylon.UberFactory.CLI", "Epsylon.UberFactory.CLI\Epsylon.UberFactory.CLI.csproj", "{6E832875-0893-4AD2-9AE9-762E1A5EA856}"
EndProject
Project("{9A19103F-16F7-4668-BE54-9A1E7A4F7556}") = "Epsylon.UberFactory.Core", "Epsylon.UberFactory.Core\Epsylon.UberFactory.Core.csproj", "{FAEAB33B-0005-487D-BB66-A0B2C61A3B77}"
EndProject
Project("{9A19103F-16F7-4668-BE54-9A1E7A4F7556}") = "Epsylon.UberFactory.SDK", "Epsylon.UberFactory.SDK\Epsylon.UberFactory.SDK.csproj", "{5C1065B7-9AA9-4E2B-8AB6-903048E32D96}"
EndProject
Project("{9A19103F-16F7-4668-BE54-9A1E7A4F7556}") = "Epsylon.UberFactory.Core.Tests", "Epsylon.UberFactory.Core.Tests\Epsylon.UberFactory.Core.Tests.csproj", "{DC861CAD-852A-45A9-A747-707316FA6437}"
EndProject
Project("{FAE04EC0-301F-11D3-BF4B-00C04F79EFBC}") = "Epsylon.UberFactory.Editor", "Epsylon.UberFactory.Editor\Epsylon.UberFactory.Editor.csproj", "{9A24C608-BCA7-4C68-836C-BAF990AFED85}"
EndProject
Project("{9A19103F-16F7-4668-BE54-9A1E7A4F7556}") = "Epsylon.TestPlugins", "Epsylon.TestPlugins\Epsylon.TestPlugins.csproj", "{6B47F62D-2FE5-4642-AB8D-1C382A31103B}"
EndProject
Global
	GlobalSection(SubversionScc) = preSolution
		Svn-Managed = True
		Manager = AnkhSVN - Subversion Support for Visual Studio
	EndGlobalSection
	GlobalSection(SolutionConfigurationPlatforms) = preSolution
		Debug|Any CPU = Debug|Any CPU
		Debug|x64 = Debug|x64
		Debug|x86 = Debug|x86
		Release|Any CPU = Release|Any CPU
		Release|x64 = Release|x64
		Release|x86 = Release|x86
	EndGlobalSection
	GlobalSection(ProjectConfigurationPlatforms) = postSolution
		{6E832875-0893-4AD2-9AE9-762E1A5EA856}.Debug|Any CPU.ActiveCfg = Debug|Any CPU
		{6E832875-0893-4AD2-9AE9-762E1A5EA856}.Debug|Any CPU.Build.0 = Debug|Any CPU
		{6E832875-0893-4AD2-9AE9-762E1A5EA856}.Debug|x64.ActiveCfg = Debug|Any CPU
		{6E832875-0893-4AD2-9AE9-762E1A5EA856}.Debug|x64.Build.0 = Debug|Any CPU
		{6E832875-0893-4AD2-9AE9-762E1A5EA856}.Debug|x86.ActiveCfg = Debug|Any CPU
		{6E832875-0893-4AD2-9AE9-762E1A5EA856}.Debug|x86.Build.0 = Debug|Any CPU
		{6E832875-0893-4AD2-9AE9-762E1A5EA856}.Release|Any CPU.ActiveCfg = Release|Any CPU
		{6E832875-0893-4AD2-9AE9-762E1A5EA856}.Release|Any CPU.Build.0 = Release|Any CPU
		{6E832875-0893-4AD2-9AE9-762E1A5EA856}.Release|x64.ActiveCfg = Release|Any CPU
		{6E832875-0893-4AD2-9AE9-762E1A5EA856}.Release|x64.Build.0 = Release|Any CPU
		{6E832875-0893-4AD2-9AE9-762E1A5EA856}.Release|x86.ActiveCfg = Release|Any CPU
		{6E832875-0893-4AD2-9AE9-762E1A5EA856}.Release|x86.Build.0 = Release|Any CPU
		{FAEAB33B-0005-487D-BB66-A0B2C61A3B77}.Debug|Any CPU.ActiveCfg = Debug|Any CPU
		{FAEAB33B-0005-487D-BB66-A0B2C61A3B77}.Debug|Any CPU.Build.0 = Debug|Any CPU
		{FAEAB33B-0005-487D-BB66-A0B2C61A3B77}.Debug|x64.ActiveCfg = Debug|Any CPU
		{FAEAB33B-0005-487D-BB66-A0B2C61A3B77}.Debug|x64.Build.0 = Debug|Any CPU
		{FAEAB33B-0005-487D-BB66-A0B2C61A3B77}.Debug|x86.ActiveCfg = Debug|Any CPU
		{FAEAB33B-0005-487D-BB66-A0B2C61A3B77}.Debug|x86.Build.0 = Debug|Any CPU
		{FAEAB33B-0005-487D-BB66-A0B2C61A3B77}.Release|Any CPU.ActiveCfg = Release|Any CPU
		{FAEAB33B-0005-487D-BB66-A0B2C61A3B77}.Release|Any CPU.Build.0 = Release|Any CPU
		{FAEAB33B-0005-487D-BB66-A0B2C61A3B77}.Release|x64.ActiveCfg = Release|Any CPU
		{FAEAB33B-0005-487D-BB66-A0B2C61A3B77}.Release|x64.Build.0 = Release|Any CPU
		{FAEAB33B-0005-487D-BB66-A0B2C61A3B77}.Release|x86.ActiveCfg = Release|Any CPU
		{FAEAB33B-0005-487D-BB66-A0B2C61A3B77}.Release|x86.Build.0 = Release|Any CPU
		{5C1065B7-9AA9-4E2B-8AB6-903048E32D96}.Debug|Any CPU.ActiveCfg = Debug|Any CPU
		{5C1065B7-9AA9-4E2B-8AB6-903048E32D96}.Debug|Any CPU.Build.0 = Debug|Any CPU
		{5C1065B7-9AA9-4E2B-8AB6-903048E32D96}.Debug|x64.ActiveCfg = Debug|Any CPU
		{5C1065B7-9AA9-4E2B-8AB6-903048E32D96}.Debug|x64.Build.0 = Debug|Any CPU
		{5C1065B7-9AA9-4E2B-8AB6-903048E32D96}.Debug|x86.ActiveCfg = Debug|Any CPU
		{5C1065B7-9AA9-4E2B-8AB6-903048E32D96}.Debug|x86.Build.0 = Debug|Any CPU
		{5C1065B7-9AA9-4E2B-8AB6-903048E32D96}.Release|Any CPU.ActiveCfg = Release|Any CPU
		{5C1065B7-9AA9-4E2B-8AB6-903048E32D96}.Release|Any CPU.Build.0 = Release|Any CPU
		{5C1065B7-9AA9-4E2B-8AB6-903048E32D96}.Release|x64.ActiveCfg = Release|Any CPU
		{5C1065B7-9AA9-4E2B-8AB6-903048E32D96}.Release|x64.Build.0 = Release|Any CPU
		{5C1065B7-9AA9-4E2B-8AB6-903048E32D96}.Release|x86.ActiveCfg = Release|Any CPU
		{5C1065B7-9AA9-4E2B-8AB6-903048E32D96}.Release|x86.Build.0 = Release|Any CPU
		{DC861CAD-852A-45A9-A747-707316FA6437}.Debug|Any CPU.ActiveCfg = Debug|Any CPU
		{DC861CAD-852A-45A9-A747-707316FA6437}.Debug|Any CPU.Build.0 = Debug|Any CPU
		{DC861CAD-852A-45A9-A747-707316FA6437}.Debug|x64.ActiveCfg = Debug|Any CPU
		{DC861CAD-852A-45A9-A747-707316FA6437}.Debug|x64.Build.0 = Debug|Any CPU
		{DC861CAD-852A-45A9-A747-707316FA6437}.Debug|x86.ActiveCfg = Debug|Any CPU
		{DC861CAD-852A-45A9-A747-707316FA6437}.Debug|x86.Build.0 = Debug|Any CPU
		{DC861CAD-852A-45A9-A747-707316FA6437}.Release|Any CPU.ActiveCfg = Release|Any CPU
		{DC861CAD-852A-45A9-A747-707316FA6437}.Release|Any CPU.Build.0 = Release|Any CPU
		{DC861CAD-852A-45A9-A747-707316FA6437}.Release|x64.ActiveCfg = Release|Any CPU
		{DC861CAD-852A-45A9-A747-707316FA6437}.Release|x64.Build.0 = Release|Any CPU
		{DC861CAD-852A-45A9-A747-707316FA6437}.Release|x86.ActiveCfg = Release|Any CPU
		{DC861CAD-852A-45A9-A747-707316FA6437}.Release|x86.Build.0 = Release|Any CPU
		{9A24C608-BCA7-4C68-836C-BAF990AFED85}.Debug|Any CPU.ActiveCfg = Debug|x86
		{9A24C608-BCA7-4C68-836C-BAF990AFED85}.Debug|Any CPU.Build.0 = Debug|x86
		{9A24C608-BCA7-4C68-836C-BAF990AFED85}.Debug|x64.ActiveCfg = Debug|x64
		{9A24C608-BCA7-4C68-836C-BAF990AFED85}.Debug|x64.Build.0 = Debug|x64
		{9A24C608-BCA7-4C68-836C-BAF990AFED85}.Debug|x86.ActiveCfg = Debug|x86
		{9A24C608-BCA7-4C68-836C-BAF990AFED85}.Debug|x86.Build.0 = Debug|x86
		{9A24C608-BCA7-4C68-836C-BAF990AFED85}.Release|Any CPU.ActiveCfg = Release|x86
		{9A24C608-BCA7-4C68-836C-BAF990AFED85}.Release|x64.ActiveCfg = Release|x64
		{9A24C608-BCA7-4C68-836C-BAF990AFED85}.Release|x64.Build.0 = Release|x64
		{9A24C608-BCA7-4C68-836C-BAF990AFED85}.Release|x86.ActiveCfg = Release|x86
		{9A24C608-BCA7-4C68-836C-BAF990AFED85}.Release|x86.Build.0 = Release|x86
		{6B47F62D-2FE5-4642-AB8D-1C382A31103B}.Debug|Any CPU.ActiveCfg = Debug|Any CPU
		{6B47F62D-2FE5-4642-AB8D-1C382A31103B}.Debug|Any CPU.Build.0 = Debug|Any CPU
		{6B47F62D-2FE5-4642-AB8D-1C382A31103B}.Debug|x64.ActiveCfg = Debug|Any CPU
		{6B47F62D-2FE5-4642-AB8D-1C382A31103B}.Debug|x64.Build.0 = Debug|Any CPU
		{6B47F62D-2FE5-4642-AB8D-1C382A31103B}.Debug|x86.ActiveCfg = Debug|Any CPU
		{6B47F62D-2FE5-4642-AB8D-1C382A31103B}.Debug|x86.Build.0 = Debug|Any CPU
		{6B47F62D-2FE5-4642-AB8D-1C382A31103B}.Release|Any CPU.ActiveCfg = Release|Any CPU
		{6B47F62D-2FE5-4642-AB8D-1C382A31103B}.Release|Any CPU.Build.0 = Release|Any CPU
		{6B47F62D-2FE5-4642-AB8D-1C382A31103B}.Release|x64.ActiveCfg = Release|Any CPU
		{6B47F62D-2FE5-4642-AB8D-1C382A31103B}.Release|x64.Build.0 = Release|Any CPU
		{6B47F62D-2FE5-4642-AB8D-1C382A31103B}.Release|x86.ActiveCfg = Release|Any CPU
		{6B47F62D-2FE5-4642-AB8D-1C382A31103B}.Release|x86.Build.0 = Release|Any CPU
	EndGlobalSection
	GlobalSection(SolutionProperties) = preSolution
		HideSolutionNode = FALSE
	EndGlobalSection
	GlobalSection(NestedProjects) = preSolution
		{6E832875-0893-4AD2-9AE9-762E1A5EA856} = {3AA0CCA9-250D-4F8F-9095-9AF034DC3BF5}
		{FAEAB33B-0005-487D-BB66-A0B2C61A3B77} = {3AA0CCA9-250D-4F8F-9095-9AF034DC3BF5}
		{5C1065B7-9AA9-4E2B-8AB6-903048E32D96} = {3AA0CCA9-250D-4F8F-9095-9AF034DC3BF5}
		{DC861CAD-852A-45A9-A747-707316FA6437} = {3AA0CCA9-250D-4F8F-9095-9AF034DC3BF5}
		{9A24C608-BCA7-4C68-836C-BAF990AFED85} = {3AA0CCA9-250D-4F8F-9095-9AF034DC3BF5}
		{6B47F62D-2FE5-4642-AB8D-1C382A31103B} = {3AA0CCA9-250D-4F8F-9095-9AF034DC3BF5}
	EndGlobalSection
	GlobalSection(ExtensibilityGlobals) = postSolution
		SolutionGuid = {13B51D28-1B57-4542-BADA-EA6722E539F6}
	EndGlobalSection
EndGlobal
