Microsoft Visual Studio Solution File, Format Version 12.00
# Visual Studio 15
VisualStudioVersion = 15.0.27130.2024
MinimumVisualStudioVersion = 10.0.40219.1
Project("{2150E333-8FDC-42A3-9474-1A3956D46DE8}") = "src", "src", "{3AA0CCA9-250D-4F8F-9095-9AF034DC3BF5}"
EndProject
Project("{9A19103F-16F7-4668-BE54-9A1E7A4F7556}") = "Epsylon.UberFactory.CLI", "Epsylon.UberFactory.CLI\Epsylon.UberFactory.CLI.csproj", "{6E832875-0893-4AD2-9AE9-762E1A5EA856}"
EndProject
Project("{9A19103F-16F7-4668-BE54-9A1E7A4F7556}") = "Epsylon.UberFactory.Core", "Epsylon.UberFactory.Core\Epsylon.UberFactory.Core.csproj", "{FAEAB33B-0005-487D-BB66-A0B2C61A3B77}"
EndProject
Project("{9A19103F-16F7-4668-BE54-9A1E7A4F7556}") = "Epsylon.UberFactory.SDK", "Epsylon.UberFactory.SDK\Epsylon.UberFactory.SDK.csproj", "{5C1065B7-9AA9-4E2B-8AB6-903048E32D96}"
EndProject
Project("{9A19103F-16F7-4668-BE54-9A1E7A4F7556}") = "Epsylon.UberFactory.Core.Tests", "Epsylon.UberFactory.Core.Tests\Epsylon.UberFactory.Core.Tests.csproj", "{DC861CAD-852A-45A9-A747-707316FA6437}"
EndProject
Project("{FAE04EC0-301F-11D3-BF4B-00C04F79EFBC}") = "Epsylon.UberFactory.Editor", "Epsylon.UberFactory.Editor\Epsylon.UberFactory.Editor.csproj", "{9A24C608-BCA7-4C68-836C-BAF990AFED85}"
EndProject
Project("{9A19103F-16F7-4668-BE54-9A1E7A4F7556}") = "Epsylon.UberFactory.Editor.Tests", "Epsylon.UberFactory.Editor.Tests\Epsylon.UberFactory.Editor.Tests.csproj", "{E5ADCBAA-337B-474D-A547-45F391DB84DE}"
EndProject
Project("{9A19103F-16F7-4668-BE54-9A1E7A4F7556}") = "Epsylon.UberPlugin.CoreTypes", "Epsylon.UberPlugin.CoreTypes\Epsylon.UberPlugin.CoreTypes.csproj", "{101160CB-2D3A-4E74-BBEC-FCEF1BD7B8E4}"
EndProject
Project("{9A19103F-16F7-4668-BE54-9A1E7A4F7556}") = "Epsylon.UberFactory.Client", "Epsylon.UberFactory.Client\Epsylon.UberFactory.Client.csproj", "{28455575-BDB3-4C0C-A2CA-EE6105ECC4C5}"
EndProject
Project("{2150E333-8FDC-42A3-9474-1A3956D46DE8}") = "Core", "Core", "{CAA1FAE7-A0D8-4E5A-9CAF-128BCE1F7C9D}"
EndProject
Project("{2150E333-8FDC-42A3-9474-1A3956D46DE8}") = "Tests", "Tests", "{CCD9B10E-5B1F-4AC2-A88A-1A0EF56A00C5}"
EndProject
Project("{2150E333-8FDC-42A3-9474-1A3956D46DE8}") = "Apps", "Apps", "{1A979F46-F761-425A-94CC-591B9C08EF7A}"
EndProject
Project("{2150E333-8FDC-42A3-9474-1A3956D46DE8}") = "Plugs", "Plugs", "{4AFC5DA8-2C9C-4C29-AE96-BFABCD1FBC31}"
EndProject
Project("{2150E333-8FDC-42A3-9474-1A3956D46DE8}") = "Shared", "Shared", "{C2D80D18-CBE6-402C-B904-D711676DC636}"
	ProjectSection(SolutionItems) = preProject
		Shared\AssemblyInfoGenerator.targets = Shared\AssemblyInfoGenerator.targets
		Shared\AutoVersionInfo.targets = Shared\AutoVersionInfo.targets
		Shared\StaticVersionInfo.props = Shared\StaticVersionInfo.props
	EndProjectSection
EndProject
Project("{9A19103F-16F7-4668-BE54-9A1E7A4F7556}") = "Epsylon.UberPlugin.ImageSharp", "Epsylon.UberPlugin.ImageSharp\Epsylon.UberPlugin.ImageSharp.csproj", "{B0C2DAF3-F3B3-4824-9713-5B7B87EBC3F9}"
EndProject
Project("{9A19103F-16F7-4668-BE54-9A1E7A4F7556}") = "Epsylon.UberPlugin.TestTypes", "Epsylon.UberPlugin.TestTypes\Epsylon.UberPlugin.TestTypes.csproj", "{0A467C36-232B-4658-9160-1C95BDA80FF2}"
EndProject
Project("{9A19103F-16F7-4668-BE54-9A1E7A4F7556}") = "Epsylon.UberPlugin.Numerics", "Epsylon.UberPlugin.Numerics\Epsylon.UberPlugin.Numerics.csproj", "{1900A69B-888B-4AA9-BBC7-15A787060ADF}"
EndProject
Project("{9A19103F-16F7-4668-BE54-9A1E7A4F7556}") = "Epsylon.ImageSharp.Procedural", "Epsylon.ImageSharp.Procedural\Epsylon.ImageSharp.Procedural.csproj", "{AC2C23BD-E64D-47C2-A30C-FCF5D82619FF}"
EndProject
Global
	GlobalSection(SubversionScc) = preSolution
		Svn-Managed = True
		Manager = AnkhSVN - Subversion Support for Visual Studio
	EndGlobalSection
	GlobalSection(SolutionConfigurationPlatforms) = preSolution
		Debug|Any CPU = Debug|Any CPU
		Debug|x64 = Debug|x64
		Release|Any CPU = Release|Any CPU
		Release|x64 = Release|x64
	EndGlobalSection
	GlobalSection(ProjectConfigurationPlatforms) = postSolution
		{6E832875-0893-4AD2-9AE9-762E1A5EA856}.Debug|Any CPU.ActiveCfg = Debug|Any CPU
		{6E832875-0893-4AD2-9AE9-762E1A5EA856}.Debug|Any CPU.Build.0 = Debug|Any CPU
		{6E832875-0893-4AD2-9AE9-762E1A5EA856}.Debug|x64.ActiveCfg = Debug|Any CPU
		{6E832875-0893-4AD2-9AE9-762E1A5EA856}.Debug|x64.Build.0 = Debug|Any CPU
		{6E832875-0893-4AD2-9AE9-762E1A5EA856}.Release|Any CPU.ActiveCfg = Release|Any CPU
		{6E832875-0893-4AD2-9AE9-762E1A5EA856}.Release|Any CPU.Build.0 = Release|Any CPU
		{6E832875-0893-4AD2-9AE9-762E1A5EA856}.Release|x64.ActiveCfg = Release|Any CPU
		{6E832875-0893-4AD2-9AE9-762E1A5EA856}.Release|x64.Build.0 = Release|Any CPU
		{FAEAB33B-0005-487D-BB66-A0B2C61A3B77}.Debug|Any CPU.ActiveCfg = Debug|Any CPU
		{FAEAB33B-0005-487D-BB66-A0B2C61A3B77}.Debug|Any CPU.Build.0 = Debug|Any CPU
		{FAEAB33B-0005-487D-BB66-A0B2C61A3B77}.Debug|x64.ActiveCfg = Debug|Any CPU
		{FAEAB33B-0005-487D-BB66-A0B2C61A3B77}.Debug|x64.Build.0 = Debug|Any CPU
		{FAEAB33B-0005-487D-BB66-A0B2C61A3B77}.Release|Any CPU.ActiveCfg = Release|Any CPU
		{FAEAB33B-0005-487D-BB66-A0B2C61A3B77}.Release|Any CPU.Build.0 = Release|Any CPU
		{FAEAB33B-0005-487D-BB66-A0B2C61A3B77}.Release|x64.ActiveCfg = Release|Any CPU
		{FAEAB33B-0005-487D-BB66-A0B2C61A3B77}.Release|x64.Build.0 = Release|Any CPU
		{5C1065B7-9AA9-4E2B-8AB6-903048E32D96}.Debug|Any CPU.ActiveCfg = Debug|Any CPU
		{5C1065B7-9AA9-4E2B-8AB6-903048E32D96}.Debug|Any CPU.Build.0 = Debug|Any CPU
		{5C1065B7-9AA9-4E2B-8AB6-903048E32D96}.Debug|x64.ActiveCfg = Debug|Any CPU
		{5C1065B7-9AA9-4E2B-8AB6-903048E32D96}.Debug|x64.Build.0 = Debug|Any CPU
		{5C1065B7-9AA9-4E2B-8AB6-903048E32D96}.Release|Any CPU.ActiveCfg = Release|Any CPU
		{5C1065B7-9AA9-4E2B-8AB6-903048E32D96}.Release|Any CPU.Build.0 = Release|Any CPU
		{5C1065B7-9AA9-4E2B-8AB6-903048E32D96}.Release|x64.ActiveCfg = Release|Any CPU
		{5C1065B7-9AA9-4E2B-8AB6-903048E32D96}.Release|x64.Build.0 = Release|Any CPU
		{DC861CAD-852A-45A9-A747-707316FA6437}.Debug|Any CPU.ActiveCfg = Debug|Any CPU
		{DC861CAD-852A-45A9-A747-707316FA6437}.Debug|Any CPU.Build.0 = Debug|Any CPU
		{DC861CAD-852A-45A9-A747-707316FA6437}.Debug|x64.ActiveCfg = Debug|Any CPU
		{DC861CAD-852A-45A9-A747-707316FA6437}.Debug|x64.Build.0 = Debug|Any CPU
		{DC861CAD-852A-45A9-A747-707316FA6437}.Release|Any CPU.ActiveCfg = Release|Any CPU
		{DC861CAD-852A-45A9-A747-707316FA6437}.Release|Any CPU.Build.0 = Release|Any CPU
		{DC861CAD-852A-45A9-A747-707316FA6437}.Release|x64.ActiveCfg = Release|Any CPU
		{DC861CAD-852A-45A9-A747-707316FA6437}.Release|x64.Build.0 = Release|Any CPU
		{9A24C608-BCA7-4C68-836C-BAF990AFED85}.Debug|Any CPU.ActiveCfg = Debug|x64
		{9A24C608-BCA7-4C68-836C-BAF990AFED85}.Debug|Any CPU.Build.0 = Debug|x64
		{9A24C608-BCA7-4C68-836C-BAF990AFED85}.Debug|x64.ActiveCfg = Debug|x64
		{9A24C608-BCA7-4C68-836C-BAF990AFED85}.Debug|x64.Build.0 = Debug|x64
		{9A24C608-BCA7-4C68-836C-BAF990AFED85}.Release|Any CPU.ActiveCfg = Release|x64
		{9A24C608-BCA7-4C68-836C-BAF990AFED85}.Release|x64.ActiveCfg = Release|x64
		{9A24C608-BCA7-4C68-836C-BAF990AFED85}.Release|x64.Build.0 = Release|x64
		{E5ADCBAA-337B-474D-A547-45F391DB84DE}.Debug|Any CPU.ActiveCfg = Debug|x64
		{E5ADCBAA-337B-474D-A547-45F391DB84DE}.Debug|Any CPU.Build.0 = Debug|x64
		{E5ADCBAA-337B-474D-A547-45F391DB84DE}.Debug|x64.ActiveCfg = Debug|x64
		{E5ADCBAA-337B-474D-A547-45F391DB84DE}.Debug|x64.Build.0 = Debug|x64
		{E5ADCBAA-337B-474D-A547-45F391DB84DE}.Release|Any CPU.ActiveCfg = Release|Any CPU
		{E5ADCBAA-337B-474D-A547-45F391DB84DE}.Release|Any CPU.Build.0 = Release|Any CPU
		{E5ADCBAA-337B-474D-A547-45F391DB84DE}.Release|x64.ActiveCfg = Release|x64
		{E5ADCBAA-337B-474D-A547-45F391DB84DE}.Release|x64.Build.0 = Release|x64
		{101160CB-2D3A-4E74-BBEC-FCEF1BD7B8E4}.Debug|Any CPU.ActiveCfg = Debug|Any CPU
		{101160CB-2D3A-4E74-BBEC-FCEF1BD7B8E4}.Debug|Any CPU.Build.0 = Debug|Any CPU
		{101160CB-2D3A-4E74-BBEC-FCEF1BD7B8E4}.Debug|x64.ActiveCfg = Debug|Any CPU
		{101160CB-2D3A-4E74-BBEC-FCEF1BD7B8E4}.Debug|x64.Build.0 = Debug|Any CPU
		{101160CB-2D3A-4E74-BBEC-FCEF1BD7B8E4}.Release|Any CPU.ActiveCfg = Release|Any CPU
		{101160CB-2D3A-4E74-BBEC-FCEF1BD7B8E4}.Release|Any CPU.Build.0 = Release|Any CPU
		{101160CB-2D3A-4E74-BBEC-FCEF1BD7B8E4}.Release|x64.ActiveCfg = Release|Any CPU
		{101160CB-2D3A-4E74-BBEC-FCEF1BD7B8E4}.Release|x64.Build.0 = Release|Any CPU
		{28455575-BDB3-4C0C-A2CA-EE6105ECC4C5}.Debug|Any CPU.ActiveCfg = Debug|Any CPU
		{28455575-BDB3-4C0C-A2CA-EE6105ECC4C5}.Debug|Any CPU.Build.0 = Debug|Any CPU
		{28455575-BDB3-4C0C-A2CA-EE6105ECC4C5}.Debug|x64.ActiveCfg = Debug|Any CPU
		{28455575-BDB3-4C0C-A2CA-EE6105ECC4C5}.Debug|x64.Build.0 = Debug|Any CPU
		{28455575-BDB3-4C0C-A2CA-EE6105ECC4C5}.Release|Any CPU.ActiveCfg = Release|Any CPU
		{28455575-BDB3-4C0C-A2CA-EE6105ECC4C5}.Release|Any CPU.Build.0 = Release|Any CPU
		{28455575-BDB3-4C0C-A2CA-EE6105ECC4C5}.Release|x64.ActiveCfg = Release|Any CPU
		{28455575-BDB3-4C0C-A2CA-EE6105ECC4C5}.Release|x64.Build.0 = Release|Any CPU
		{B0C2DAF3-F3B3-4824-9713-5B7B87EBC3F9}.Debug|Any CPU.ActiveCfg = Debug|Any CPU
		{B0C2DAF3-F3B3-4824-9713-5B7B87EBC3F9}.Debug|Any CPU.Build.0 = Debug|Any CPU
		{B0C2DAF3-F3B3-4824-9713-5B7B87EBC3F9}.Debug|x64.ActiveCfg = Debug|Any CPU
		{B0C2DAF3-F3B3-4824-9713-5B7B87EBC3F9}.Debug|x64.Build.0 = Debug|Any CPU
		{B0C2DAF3-F3B3-4824-9713-5B7B87EBC3F9}.Release|Any CPU.ActiveCfg = Release|Any CPU
		{B0C2DAF3-F3B3-4824-9713-5B7B87EBC3F9}.Release|Any CPU.Build.0 = Release|Any CPU
		{B0C2DAF3-F3B3-4824-9713-5B7B87EBC3F9}.Release|x64.ActiveCfg = Release|Any CPU
		{B0C2DAF3-F3B3-4824-9713-5B7B87EBC3F9}.Release|x64.Build.0 = Release|Any CPU
		{0A467C36-232B-4658-9160-1C95BDA80FF2}.Debug|Any CPU.ActiveCfg = Debug|Any CPU
		{0A467C36-232B-4658-9160-1C95BDA80FF2}.Debug|Any CPU.Build.0 = Debug|Any CPU
		{0A467C36-232B-4658-9160-1C95BDA80FF2}.Debug|x64.ActiveCfg = Debug|Any CPU
		{0A467C36-232B-4658-9160-1C95BDA80FF2}.Debug|x64.Build.0 = Debug|Any CPU
		{0A467C36-232B-4658-9160-1C95BDA80FF2}.Release|Any CPU.ActiveCfg = Release|Any CPU
		{0A467C36-232B-4658-9160-1C95BDA80FF2}.Release|Any CPU.Build.0 = Release|Any CPU
		{0A467C36-232B-4658-9160-1C95BDA80FF2}.Release|x64.ActiveCfg = Release|Any CPU
		{0A467C36-232B-4658-9160-1C95BDA80FF2}.Release|x64.Build.0 = Release|Any CPU
		{1900A69B-888B-4AA9-BBC7-15A787060ADF}.Debug|Any CPU.ActiveCfg = Debug|Any CPU
		{1900A69B-888B-4AA9-BBC7-15A787060ADF}.Debug|Any CPU.Build.0 = Debug|Any CPU
		{1900A69B-888B-4AA9-BBC7-15A787060ADF}.Debug|x64.ActiveCfg = Debug|Any CPU
		{1900A69B-888B-4AA9-BBC7-15A787060ADF}.Debug|x64.Build.0 = Debug|Any CPU
		{1900A69B-888B-4AA9-BBC7-15A787060ADF}.Release|Any CPU.ActiveCfg = Release|Any CPU
		{1900A69B-888B-4AA9-BBC7-15A787060ADF}.Release|Any CPU.Build.0 = Release|Any CPU
		{1900A69B-888B-4AA9-BBC7-15A787060ADF}.Release|x64.ActiveCfg = Release|Any CPU
		{1900A69B-888B-4AA9-BBC7-15A787060ADF}.Release|x64.Build.0 = Release|Any CPU
		{AC2C23BD-E64D-47C2-A30C-FCF5D82619FF}.Debug|Any CPU.ActiveCfg = Debug|Any CPU
		{AC2C23BD-E64D-47C2-A30C-FCF5D82619FF}.Debug|Any CPU.Build.0 = Debug|Any CPU
		{AC2C23BD-E64D-47C2-A30C-FCF5D82619FF}.Debug|x64.ActiveCfg = Debug|Any CPU
		{AC2C23BD-E64D-47C2-A30C-FCF5D82619FF}.Debug|x64.Build.0 = Debug|Any CPU
		{AC2C23BD-E64D-47C2-A30C-FCF5D82619FF}.Release|Any CPU.ActiveCfg = Release|Any CPU
		{AC2C23BD-E64D-47C2-A30C-FCF5D82619FF}.Release|Any CPU.Build.0 = Release|Any CPU
		{AC2C23BD-E64D-47C2-A30C-FCF5D82619FF}.Release|x64.ActiveCfg = Release|Any CPU
		{AC2C23BD-E64D-47C2-A30C-FCF5D82619FF}.Release|x64.Build.0 = Release|Any CPU
	EndGlobalSection
	GlobalSection(SolutionProperties) = preSolution
		HideSolutionNode = FALSE
	EndGlobalSection
	GlobalSection(NestedProjects) = preSolution
		{6E832875-0893-4AD2-9AE9-762E1A5EA856} = {1A979F46-F761-425A-94CC-591B9C08EF7A}
		{FAEAB33B-0005-487D-BB66-A0B2C61A3B77} = {CAA1FAE7-A0D8-4E5A-9CAF-128BCE1F7C9D}
		{5C1065B7-9AA9-4E2B-8AB6-903048E32D96} = {CAA1FAE7-A0D8-4E5A-9CAF-128BCE1F7C9D}
		{DC861CAD-852A-45A9-A747-707316FA6437} = {CCD9B10E-5B1F-4AC2-A88A-1A0EF56A00C5}
		{9A24C608-BCA7-4C68-836C-BAF990AFED85} = {1A979F46-F761-425A-94CC-591B9C08EF7A}
		{E5ADCBAA-337B-474D-A547-45F391DB84DE} = {CCD9B10E-5B1F-4AC2-A88A-1A0EF56A00C5}
		{101160CB-2D3A-4E74-BBEC-FCEF1BD7B8E4} = {4AFC5DA8-2C9C-4C29-AE96-BFABCD1FBC31}
		{28455575-BDB3-4C0C-A2CA-EE6105ECC4C5} = {CAA1FAE7-A0D8-4E5A-9CAF-128BCE1F7C9D}
		{CAA1FAE7-A0D8-4E5A-9CAF-128BCE1F7C9D} = {3AA0CCA9-250D-4F8F-9095-9AF034DC3BF5}
		{CCD9B10E-5B1F-4AC2-A88A-1A0EF56A00C5} = {3AA0CCA9-250D-4F8F-9095-9AF034DC3BF5}
		{1A979F46-F761-425A-94CC-591B9C08EF7A} = {3AA0CCA9-250D-4F8F-9095-9AF034DC3BF5}
		{4AFC5DA8-2C9C-4C29-AE96-BFABCD1FBC31} = {3AA0CCA9-250D-4F8F-9095-9AF034DC3BF5}
		{C2D80D18-CBE6-402C-B904-D711676DC636} = {3AA0CCA9-250D-4F8F-9095-9AF034DC3BF5}
		{B0C2DAF3-F3B3-4824-9713-5B7B87EBC3F9} = {4AFC5DA8-2C9C-4C29-AE96-BFABCD1FBC31}
		{0A467C36-232B-4658-9160-1C95BDA80FF2} = {4AFC5DA8-2C9C-4C29-AE96-BFABCD1FBC31}
		{1900A69B-888B-4AA9-BBC7-15A787060ADF} = {4AFC5DA8-2C9C-4C29-AE96-BFABCD1FBC31}
		{AC2C23BD-E64D-47C2-A30C-FCF5D82619FF} = {4AFC5DA8-2C9C-4C29-AE96-BFABCD1FBC31}
	EndGlobalSection
	GlobalSection(ExtensibilityGlobals) = postSolution
		SolutionGuid = {13B51D28-1B57-4542-BADA-EA6722E539F6}
	EndGlobalSection
EndGlobal
